<Solution>
  <Folder Name="/Config/">
    <File Path="../.editorconfig" />
    <File Path="../.gitignore" />
    <File Path="../Directory.Build.props" />
    <File Path="../Directory.Packages.props" />
    <File Path="../global.json" />
    <File Path="../LICENSE" />
    <File Path="../README.md" />
    <File Path="../testconfig.json" />
    <File Path="icon.png" />
    <File Path="NuGet.Config" />
  </Folder>
  <Folder Name="/Examples/">
    <Project Path="CP.ReactiveUI.Primitives.Windows.Example.ConsoleDemo/CP.ReactiveUI.Primitives.Windows.Example.ConsoleDemo.csproj" />
    <Project Path="CP.ReactiveUI.Primitives.Windows.Example.FormsExample/CP.ReactiveUI.Primitives.Windows.Example.FormsExample.csproj" />
    <Project Path="CP.ReactiveUI.Primitives.Windows.Example.InstallerExample/CP.ReactiveUI.Primitives.Windows.Example.InstallerExample.csproj" />
    <Project Path="CP.ReactiveUI.Primitives.Windows.Example.TaskManager/CP.ReactiveUI.Primitives.Windows.Example.TaskManager.csproj" />
    <Project Path="CP.ReactiveUI.Primitives.Windows.Example.WpfExample/CP.ReactiveUI.Primitives.Windows.Example.WpfExample.csproj" />
  </Folder>
  <Folder Name="/Reactive Examples/">
    <Project Path="CP.ReactiveUI.Primitives.Windows.Reactive.Example.ConsoleDemo/CP.ReactiveUI.Primitives.Windows.Reactive.Example.ConsoleDemo.csproj" />
    <Project Path="CP.ReactiveUI.Primitives.Windows.Reactive.Example.FormsExample/CP.ReactiveUI.Primitives.Windows.Reactive.Example.FormsExample.csproj" />
    <Project Path="CP.ReactiveUI.Primitives.Windows.Reactive.Example.InstallerExample/CP.ReactiveUI.Primitives.Windows.Reactive.Example.InstallerExample.csproj" />
    <Project Path="CP.ReactiveUI.Primitives.Windows.Reactive.Example.WpfExample/CP.ReactiveUI.Primitives.Windows.Reactive.Example.WpfExample.csproj" />
  </Folder>
  <Folder Name="/src/">
    <Project Path="CP.ReactiveUI.Primitives.Windows.Core/CP.ReactiveUI.Primitives.Windows.Core.csproj" />
    <Project Path="CP.ReactiveUI.Primitives.Windows.Integrations/CP.ReactiveUI.Primitives.Windows.Integrations.csproj" />
    <Project Path="CP.ReactiveUI.Primitives.Windows.Reactive/CP.ReactiveUI.Primitives.Windows.Reactive.csproj" />
    <Project Path="CP.ReactiveUI.Primitives.Windows/CP.ReactiveUI.Primitives.Windows.csproj" />
  </Folder>
  <Folder Name="/Tests/">
    <Project Path="CP.ReactiveUI.Primitives.Windows.Tests.Benchmarks/CP.ReactiveUI.Primitives.Windows.Tests.Benchmarks.csproj" />
    <Project Path="CP.ReactiveUI.Primitives.Windows.Tests/CP.ReactiveUI.Primitives.Windows.Tests.csproj" />
  </Folder>
  <Project Path="../build/_build.csproj">
    <Build Project="false" />
  </Project>
</Solution>
